
Microsoft Visual Studio Solution File, Format Version 12.00
# Visual Studio Version 17
VisualStudioVersion = 17.4.33213.308
MinimumVisualStudioVersion = 10.0.40219.1
Project("{FAE04EC0-301F-11D3-BF4B-00C04F79EFBC}") = "ConnecttoSqlServer", "ConnecttoSqlServer.csproj", "{6B55C767-1D9C-4E0C-B3AA-33A3A5DC3581}"
EndProject
Global
	GlobalSection(SolutionConfigurationPlatforms) = preSolution
		Debug|Any CPU = Debug|Any CPU
		Release|Any CPU = Release|Any CPU
	EndGlobalSection
	GlobalSection(ProjectConfigurationPlatforms) = postSolution
		{6B55C767-1D9C-4E0C-B3AA-33A3A5DC3581}.Debug|Any CPU.ActiveCfg = Debug|Any CPU
		{6B55C767-1D9C-4E0C-B3AA-33A3A5DC3581}.Debug|Any CPU.Build.0 = Debug|Any CPU
		{6B55C767-1D9C-4E0C-B3AA-33A3A5DC3581}.Release|Any CPU.ActiveCfg = Release|Any CPU
		{6B55C767-1D9C-4E0C-B3AA-33A3A5DC3581}.Release|Any CPU.Build.0 = Release|Any CPU
	EndGlobalSection
	GlobalSection(SolutionProperties) = preSolution
		HideSolutionNode = FALSE
	EndGlobalSection
	GlobalSection(ExtensibilityGlobals) = postSolution
		SolutionGuid = {DC06FF8C-7233-4400-92EA-1E3C6D726898}
	EndGlobalSection
EndGlobal
